
Microsoft Visual Studio Solution File, Format Version 12.00
# Visual Studio Version 16
VisualStudioVersion = 16.0.31624.102
MinimumVisualStudioVersion = 10.0.40219.1
Project("{8BC9CEB8-8B4A-11D0-8D11-00A0C91BC942}") = "practice c++ class", "practice c++ class\practice c++ class.vcxproj", "{AE53A941-9CB2-44C9-85D3-D265728E195C}"
EndProject
Global
	GlobalSection(SolutionConfigurationPlatforms) = preSolution
		Debug|x64 = Debug|x64
		Debug|x86 = Debug|x86
		Release|x64 = Release|x64
		Release|x86 = Release|x86
	EndGlobalSection
	GlobalSection(ProjectConfigurationPlatforms) = postSolution
		{AE53A941-9CB2-44C9-85D3-D265728E195C}.Debug|x64.ActiveCfg = Debug|x64
		{AE53A941-9CB2-44C9-85D3-D265728E195C}.Debug|x64.Build.0 = Debug|x64
		{AE53A941-9CB2-44C9-85D3-D265728E195C}.Debug|x86.ActiveCfg = Debug|Win32
		{AE53A941-9CB2-44C9-85D3-D265728E195C}.Debug|x86.Build.0 = Debug|Win32
		{AE53A941-9CB2-44C9-85D3-D265728E195C}.Release|x64.ActiveCfg = Release|x64
		{AE53A941-9CB2-44C9-85D3-D265728E195C}.Release|x64.Build.0 = Release|x64
		{AE53A941-9CB2-44C9-85D3-D265728E195C}.Release|x86.ActiveCfg = Release|Win32
		{AE53A941-9CB2-44C9-85D3-D265728E195C}.Release|x86.Build.0 = Release|Win32
	EndGlobalSection
	GlobalSection(SolutionProperties) = preSolution
		HideSolutionNode = FALSE
	EndGlobalSection
	GlobalSection(ExtensibilityGlobals) = postSolution
		SolutionGuid = {6652E5DE-4C82-4AB7-B90C-51FA4D418FF3}
	EndGlobalSection
EndGlobal
