
Microsoft Visual Studio Solution File, Format Version 12.00
# Visual Studio Version 16
VisualStudioVersion = 16.0.31624.102
MinimumVisualStudioVersion = 10.0.40219.1
Project("{8BC9CEB8-8B4A-11D0-8D11-00A0C91BC942}") = "power using recursion", "power using recursion\power using recursion.vcxproj", "{54D3DA2F-5D65-420A-81DD-7D339101FAC1}"
EndProject
Global
	GlobalSection(SolutionConfigurationPlatforms) = preSolution
		Debug|x64 = Debug|x64
		Debug|x86 = Debug|x86
		Release|x64 = Release|x64
		Release|x86 = Release|x86
	EndGlobalSection
	GlobalSection(ProjectConfigurationPlatforms) = postSolution
		{54D3DA2F-5D65-420A-81DD-7D339101FAC1}.Debug|x64.ActiveCfg = Debug|x64
		{54D3DA2F-5D65-420A-81DD-7D339101FAC1}.Debug|x64.Build.0 = Debug|x64
		{54D3DA2F-5D65-420A-81DD-7D339101FAC1}.Debug|x86.ActiveCfg = Debug|Win32
		{54D3DA2F-5D65-420A-81DD-7D339101FAC1}.Debug|x86.Build.0 = Debug|Win32
		{54D3DA2F-5D65-420A-81DD-7D339101FAC1}.Release|x64.ActiveCfg = Release|x64
		{54D3DA2F-5D65-420A-81DD-7D339101FAC1}.Release|x64.Build.0 = Release|x64
		{54D3DA2F-5D65-420A-81DD-7D339101FAC1}.Release|x86.ActiveCfg = Release|Win32
		{54D3DA2F-5D65-420A-81DD-7D339101FAC1}.Release|x86.Build.0 = Release|Win32
	EndGlobalSection
	GlobalSection(SolutionProperties) = preSolution
		HideSolutionNode = FALSE
	EndGlobalSection
	GlobalSection(ExtensibilityGlobals) = postSolution
		SolutionGuid = {D5D8783A-624B-48EF-8759-9BE7AC661AB6}
	EndGlobalSection
EndGlobal
