
Microsoft Visual Studio Solution File, Format Version 12.00
# Visual Studio Version 16
VisualStudioVersion = 16.0.31624.102
MinimumVisualStudioVersion = 10.0.40219.1
Project("{8BC9CEB8-8B4A-11D0-8D11-00A0C91BC942}") = "nested recursion right way", "nested recursion right way\nested recursion right way.vcxproj", "{493F5A5B-15CC-442B-9E04-8A130BB2D37F}"
EndProject
Global
	GlobalSection(SolutionConfigurationPlatforms) = preSolution
		Debug|x64 = Debug|x64
		Debug|x86 = Debug|x86
		Release|x64 = Release|x64
		Release|x86 = Release|x86
	EndGlobalSection
	GlobalSection(ProjectConfigurationPlatforms) = postSolution
		{493F5A5B-15CC-442B-9E04-8A130BB2D37F}.Debug|x64.ActiveCfg = Debug|x64
		{493F5A5B-15CC-442B-9E04-8A130BB2D37F}.Debug|x64.Build.0 = Debug|x64
		{493F5A5B-15CC-442B-9E04-8A130BB2D37F}.Debug|x86.ActiveCfg = Debug|Win32
		{493F5A5B-15CC-442B-9E04-8A130BB2D37F}.Debug|x86.Build.0 = Debug|Win32
		{493F5A5B-15CC-442B-9E04-8A130BB2D37F}.Release|x64.ActiveCfg = Release|x64
		{493F5A5B-15CC-442B-9E04-8A130BB2D37F}.Release|x64.Build.0 = Release|x64
		{493F5A5B-15CC-442B-9E04-8A130BB2D37F}.Release|x86.ActiveCfg = Release|Win32
		{493F5A5B-15CC-442B-9E04-8A130BB2D37F}.Release|x86.Build.0 = Release|Win32
	EndGlobalSection
	GlobalSection(SolutionProperties) = preSolution
		HideSolutionNode = FALSE
	EndGlobalSection
	GlobalSection(ExtensibilityGlobals) = postSolution
		SolutionGuid = {D7B1D79B-EF50-454F-A668-57BDE77025C0}
	EndGlobalSection
EndGlobal
